
Microsoft Visual Studio Solution File, Format Version 12.00
# Visual Studio Version 16
VisualStudioVersion = 16.0.29418.71
MinimumVisualStudioVersion = 10.0.40219.1
Project("{FAE04EC0-301F-11D3-BF4B-00C04F79EFBC}") = "JavascriptTutorial", "JavascriptTutorial\JavascriptTutorial.csproj", "{C0C9DA7A-1AE9-4441-B7FC-BA1228857344}"
EndProject
Global
	GlobalSection(SolutionConfigurationPlatforms) = preSolution
		Debug|Any CPU = Debug|Any CPU
		Release|Any CPU = Release|Any CPU
	EndGlobalSection
	GlobalSection(ProjectConfigurationPlatforms) = postSolution
		{C0C9DA7A-1AE9-4441-B7FC-BA1228857344}.Debug|Any CPU.ActiveCfg = Debug|Any CPU
		{C0C9DA7A-1AE9-4441-B7FC-BA1228857344}.Debug|Any CPU.Build.0 = Debug|Any CPU
		{C0C9DA7A-1AE9-4441-B7FC-BA1228857344}.Release|Any CPU.ActiveCfg = Release|Any CPU
		{C0C9DA7A-1AE9-4441-B7FC-BA1228857344}.Release|Any CPU.Build.0 = Release|Any CPU
	EndGlobalSection
	GlobalSection(SolutionProperties) = preSolution
		HideSolutionNode = FALSE
	EndGlobalSection
	GlobalSection(ExtensibilityGlobals) = postSolution
		SolutionGuid = {C6304C31-0017-46F4-9728-EBE8DCB79EA7}
	EndGlobalSection
EndGlobal
