
Microsoft Visual Studio Solution File, Format Version 12.00
# Visual Studio Version 16
VisualStudioVersion = 16.0.29418.71
MinimumVisualStudioVersion = 10.0.40219.1
Project("{FAE04EC0-301F-11D3-BF4B-00C04F79EFBC}") = "JavascriptTutorial", "JavascriptTutorial\JavascriptTutorial.csproj", "{AE32265E-2596-4E7B-9DFF-866C5D431E6E}"
EndProject
Global
	GlobalSection(SolutionConfigurationPlatforms) = preSolution
		Debug|Any CPU = Debug|Any CPU
		Release|Any CPU = Release|Any CPU
	EndGlobalSection
	GlobalSection(ProjectConfigurationPlatforms) = postSolution
		{AE32265E-2596-4E7B-9DFF-866C5D431E6E}.Debug|Any CPU.ActiveCfg = Debug|Any CPU
		{AE32265E-2596-4E7B-9DFF-866C5D431E6E}.Debug|Any CPU.Build.0 = Debug|Any CPU
		{AE32265E-2596-4E7B-9DFF-866C5D431E6E}.Release|Any CPU.ActiveCfg = Release|Any CPU
		{AE32265E-2596-4E7B-9DFF-866C5D431E6E}.Release|Any CPU.Build.0 = Release|Any CPU
	EndGlobalSection
	GlobalSection(SolutionProperties) = preSolution
		HideSolutionNode = FALSE
	EndGlobalSection
	GlobalSection(ExtensibilityGlobals) = postSolution
		SolutionGuid = {122D80D5-75AC-478B-B5F2-B2BF8A5BD07E}
	EndGlobalSection
EndGlobal
